
Microsoft Visual Studio Solution File, Format Version 12.00
# Visual Studio Version 17
VisualStudioVersion = 17.3.32901.215
MinimumVisualStudioVersion = 10.0.40219.1
Project("{9A19103F-16F7-4668-BE54-9A1E7A4F7556}") = "ChessUI", "..\..\..\Desktop\Chess\ChessUI\ChessUI.csproj", "{9BA60BEE-436A-4E83-A77C-59E5DE5BEB12}"
EndProject
Project("{9A19103F-16F7-4668-BE54-9A1E7A4F7556}") = "ChessLogic", "..\..\..\Desktop\Chess\ChessLogic\ChessLogic.csproj", "{F2C86397-9EB4-4AD9-9F57-850314227558}"
EndProject
Global
	GlobalSection(SolutionConfigurationPlatforms) = preSolution
		Debug|Any CPU = Debug|Any CPU
		Release|Any CPU = Release|Any CPU
	EndGlobalSection
	GlobalSection(ProjectConfigurationPlatforms) = postSolution
		{9BA60BEE-436A-4E83-A77C-59E5DE5BEB12}.Debug|Any CPU.ActiveCfg = Debug|Any CPU
		{9BA60BEE-436A-4E83-A77C-59E5DE5BEB12}.Debug|Any CPU.Build.0 = Debug|Any CPU
		{9BA60BEE-436A-4E83-A77C-59E5DE5BEB12}.Release|Any CPU.ActiveCfg = Release|Any CPU
		{9BA60BEE-436A-4E83-A77C-59E5DE5BEB12}.Release|Any CPU.Build.0 = Release|Any CPU
		{F2C86397-9EB4-4AD9-9F57-850314227558}.Debug|Any CPU.ActiveCfg = Debug|Any CPU
		{F2C86397-9EB4-4AD9-9F57-850314227558}.Debug|Any CPU.Build.0 = Debug|Any CPU
		{F2C86397-9EB4-4AD9-9F57-850314227558}.Release|Any CPU.ActiveCfg = Release|Any CPU
		{F2C86397-9EB4-4AD9-9F57-850314227558}.Release|Any CPU.Build.0 = Release|Any CPU
	EndGlobalSection
	GlobalSection(SolutionProperties) = preSolution
		HideSolutionNode = FALSE
	EndGlobalSection
	GlobalSection(ExtensibilityGlobals) = postSolution
		SolutionGuid = {AD1B56D7-1985-42EF-84FC-1D97084C9C21}
	EndGlobalSection
EndGlobal
