
Microsoft Visual Studio Solution File, Format Version 12.00
# Visual Studio Version 17
VisualStudioVersion = 17.3.32901.215
MinimumVisualStudioVersion = 10.0.40219.1
Project("{FAE04EC0-301F-11D3-BF4B-00C04F79EFBC}") = "ChessWpf", "ChessWpf\ChessWpf.csproj", "{D55FB2B5-68A6-42B9-AC84-13949C038981}"
EndProject
Project("{FAE04EC0-301F-11D3-BF4B-00C04F79EFBC}") = "ChessCore", "ChessCore\ChessCore.csproj", "{812F7745-BEDD-4456-BECE-FB1AAF08C650}"
EndProject
Global
	GlobalSection(SolutionConfigurationPlatforms) = preSolution
		Debug|Any CPU = Debug|Any CPU
		Release|Any CPU = Release|Any CPU
	EndGlobalSection
	GlobalSection(ProjectConfigurationPlatforms) = postSolution
		{D55FB2B5-68A6-42B9-AC84-13949C038981}.Debug|Any CPU.ActiveCfg = Debug|Any CPU
		{D55FB2B5-68A6-42B9-AC84-13949C038981}.Debug|Any CPU.Build.0 = Debug|Any CPU
		{D55FB2B5-68A6-42B9-AC84-13949C038981}.Release|Any CPU.ActiveCfg = Release|Any CPU
		{D55FB2B5-68A6-42B9-AC84-13949C038981}.Release|Any CPU.Build.0 = Release|Any CPU
		{812F7745-BEDD-4456-BECE-FB1AAF08C650}.Debug|Any CPU.ActiveCfg = Debug|Any CPU
		{812F7745-BEDD-4456-BECE-FB1AAF08C650}.Debug|Any CPU.Build.0 = Debug|Any CPU
		{812F7745-BEDD-4456-BECE-FB1AAF08C650}.Release|Any CPU.ActiveCfg = Release|Any CPU
		{812F7745-BEDD-4456-BECE-FB1AAF08C650}.Release|Any CPU.Build.0 = Release|Any CPU
	EndGlobalSection
	GlobalSection(SolutionProperties) = preSolution
		HideSolutionNode = FALSE
	EndGlobalSection
	GlobalSection(ExtensibilityGlobals) = postSolution
		SolutionGuid = {AD1B56D7-1985-42EF-84FC-1D97084C9C21}
	EndGlobalSection
EndGlobal
